
Microsoft Visual Studio Solution File, Format Version 12.00
# Visual Studio Version 16
VisualStudioVersion = 16.0.30011.22
MinimumVisualStudioVersion = 10.0.40219.1
Project("{9A19103F-16F7-4668-BE54-9A1E7A4F7556}") = "ChessBot", "ChessBot\ChessBot.csproj", "{C63DD7B7-00D4-4208-BE66-9086E8C1706F}"
EndProject
Project("{9A19103F-16F7-4668-BE54-9A1E7A4F7556}") = "ChessBot.Tests", "ChessBot.Tests\ChessBot.Tests.csproj", "{BAC3F5C3-4260-4646-AD36-89CEC516ED5F}"
EndProject
Project("{2150E333-8FDC-42A3-9474-1A3956D46DE8}") = "Solution Items", "Solution Items", "{DC683DD7-8D70-4368-A6E9-5C69F3E0C0DC}"
	ProjectSection(SolutionItems) = preProject
		.editorconfig = .editorconfig
	EndProjectSection
EndProject
Project("{9A19103F-16F7-4668-BE54-9A1E7A4F7556}") = "ChessBot.Console", "ChessBot.Console\ChessBot.Console.csproj", "{12F444B1-7F25-446D-AFEA-57591F84CCCE}"
EndProject
Project("{9A19103F-16F7-4668-BE54-9A1E7A4F7556}") = "ChessBot.Uci", "ChessBot.Uci\ChessBot.Uci.csproj", "{DF979BDF-B218-4A64-8A15-CF728419E461}"
EndProject
Project("{FAE04EC0-301F-11D3-BF4B-00C04F79EFBC}") = "ChessBot.Benchmarks", "ChessBot.Benchmarks\ChessBot.Benchmarks.csproj", "{67A25EB7-A95C-4108-AD00-04ADFD82E6B3}"
EndProject
Global
	GlobalSection(SolutionConfigurationPlatforms) = preSolution
		Debug|Any CPU = Debug|Any CPU
		Release|Any CPU = Release|Any CPU
	EndGlobalSection
	GlobalSection(ProjectConfigurationPlatforms) = postSolution
		{C63DD7B7-00D4-4208-BE66-9086E8C1706F}.Debug|Any CPU.ActiveCfg = Debug|Any CPU
		{C63DD7B7-00D4-4208-BE66-9086E8C1706F}.Debug|Any CPU.Build.0 = Debug|Any CPU
		{C63DD7B7-00D4-4208-BE66-9086E8C1706F}.Release|Any CPU.ActiveCfg = Release|Any CPU
		{C63DD7B7-00D4-4208-BE66-9086E8C1706F}.Release|Any CPU.Build.0 = Release|Any CPU
		{BAC3F5C3-4260-4646-AD36-89CEC516ED5F}.Debug|Any CPU.ActiveCfg = Debug|Any CPU
		{BAC3F5C3-4260-4646-AD36-89CEC516ED5F}.Debug|Any CPU.Build.0 = Debug|Any CPU
		{BAC3F5C3-4260-4646-AD36-89CEC516ED5F}.Release|Any CPU.ActiveCfg = Release|Any CPU
		{BAC3F5C3-4260-4646-AD36-89CEC516ED5F}.Release|Any CPU.Build.0 = Release|Any CPU
		{12F444B1-7F25-446D-AFEA-57591F84CCCE}.Debug|Any CPU.ActiveCfg = Debug|Any CPU
		{12F444B1-7F25-446D-AFEA-57591F84CCCE}.Debug|Any CPU.Build.0 = Debug|Any CPU
		{12F444B1-7F25-446D-AFEA-57591F84CCCE}.Release|Any CPU.ActiveCfg = Release|Any CPU
		{12F444B1-7F25-446D-AFEA-57591F84CCCE}.Release|Any CPU.Build.0 = Release|Any CPU
		{DF979BDF-B218-4A64-8A15-CF728419E461}.Debug|Any CPU.ActiveCfg = Debug|Any CPU
		{DF979BDF-B218-4A64-8A15-CF728419E461}.Debug|Any CPU.Build.0 = Debug|Any CPU
		{DF979BDF-B218-4A64-8A15-CF728419E461}.Release|Any CPU.ActiveCfg = Release|Any CPU
		{DF979BDF-B218-4A64-8A15-CF728419E461}.Release|Any CPU.Build.0 = Release|Any CPU
		{67A25EB7-A95C-4108-AD00-04ADFD82E6B3}.Debug|Any CPU.ActiveCfg = Debug|Any CPU
		{67A25EB7-A95C-4108-AD00-04ADFD82E6B3}.Debug|Any CPU.Build.0 = Debug|Any CPU
		{67A25EB7-A95C-4108-AD00-04ADFD82E6B3}.Release|Any CPU.ActiveCfg = Release|Any CPU
		{67A25EB7-A95C-4108-AD00-04ADFD82E6B3}.Release|Any CPU.Build.0 = Release|Any CPU
	EndGlobalSection
	GlobalSection(SolutionProperties) = preSolution
		HideSolutionNode = FALSE
	EndGlobalSection
	GlobalSection(ExtensibilityGlobals) = postSolution
		SolutionGuid = {864B8E99-9A7C-40AD-A80A-04D174CDCDEF}
	EndGlobalSection
EndGlobal
